
Microsoft Visual Studio Solution File, Format Version 12.00
# Visual Studio Version 16
VisualStudioVersion = 16.0.29728.190
MinimumVisualStudioVersion = 10.0.40219.1
Project("{FAE04EC0-301F-11D3-BF4B-00C04F79EFBC}") = "LINQProblems", "LINQProblems.csproj", "{1B3141A7-2E3C-4301-A26E-9E1B59F6BE12}"
EndProject
Global
	GlobalSection(SolutionConfigurationPlatforms) = preSolution
		Debug|Any CPU = Debug|Any CPU
		Release|Any CPU = Release|Any CPU
	EndGlobalSection
	GlobalSection(ProjectConfigurationPlatforms) = postSolution
		{1B3141A7-2E3C-4301-A26E-9E1B59F6BE12}.Debug|Any CPU.ActiveCfg = Debug|Any CPU
		{1B3141A7-2E3C-4301-A26E-9E1B59F6BE12}.Debug|Any CPU.Build.0 = Debug|Any CPU
		{1B3141A7-2E3C-4301-A26E-9E1B59F6BE12}.Release|Any CPU.ActiveCfg = Release|Any CPU
		{1B3141A7-2E3C-4301-A26E-9E1B59F6BE12}.Release|Any CPU.Build.0 = Release|Any CPU
	EndGlobalSection
	GlobalSection(SolutionProperties) = preSolution
		HideSolutionNode = FALSE
	EndGlobalSection
	GlobalSection(ExtensibilityGlobals) = postSolution
		SolutionGuid = {DD2F66EE-0927-45AD-A1FF-2A72ADC4ED00}
	EndGlobalSection
EndGlobal
